// !$*UTF8*$!
{
	archiveVersion = 1;
	classes = {
	};
	objectVersion = 56;
	objects = {

/* Begin PBXBuildFile section */
		4752D7852B95F46300FE9C81 /* RickMortyCollectionApp.swift in Sources */ = {isa = PBXBuildFile; fileRef = 4752D7842B95F46300FE9C81 /* RickMortyCollectionApp.swift */; };
		4752D7872B95F46300FE9C81 /* ContentView.swift in Sources */ = {isa = PBXBuildFile; fileRef = 4752D7862B95F46300FE9C81 /* ContentView.swift */; };
		4752D7892B95F46300FE9C81 /* Item.swift in Sources */ = {isa = PBXBuildFile; fileRef = 4752D7882B95F46300FE9C81 /* Item.swift */; };
		4752D78B2B95F46500FE9C81 /* Assets.xcassets in Resources */ = {isa = PBXBuildFile; fileRef = 4752D78A2B95F46500FE9C81 /* Assets.xcassets */; };
		4752D78E2B95F46500FE9C81 /* Preview Assets.xcassets in Resources */ = {isa = PBXBuildFile; fileRef = 4752D78D2B95F46500FE9C81 /* Preview Assets.xcassets */; };
		4752D7982B95F46500FE9C81 /* RickMortyCollectionTests.swift in Sources */ = {isa = PBXBuildFile; fileRef = 4752D7972B95F46500FE9C81 /* RickMortyCollectionTests.swift */; };
		4752D7A22B95F46500FE9C81 /* RickMortyCollectionUITests.swift in Sources */ = {isa = PBXBuildFile; fileRef = 4752D7A12B95F46500FE9C81 /* RickMortyCollectionUITests.swift */; };
		4752D7A42B95F46500FE9C81 /* RickMortyCollectionUITestsLaunchTests.swift in Sources */ = {isa = PBXBuildFile; fileRef = 4752D7A32B95F46500FE9C81 /* RickMortyCollectionUITestsLaunchTests.swift */; };
/* End PBXBuildFile section */

/* Begin PBXContainerItemProxy section */
		4752D7942B95F46500FE9C81 /* PBXContainerItemProxy */ = {
			isa = PBXContainerItemProxy;
			containerPortal = 4752D7792B95F46300FE9C81 /* Project object */;
			proxyType = 1;
			remoteGlobalIDString = 4752D7802B95F46300FE9C81;
			remoteInfo = RickMortyCollection;
		};
		4752D79E2B95F46500FE9C81 /* PBXContainerItemProxy */ = {
			isa = PBXContainerItemProxy;
			containerPortal = 4752D7792B95F46300FE9C81 /* Project object */;
			proxyType = 1;
			remoteGlobalIDString = 4752D7802B95F46300FE9C81;
			remoteInfo = RickMortyCollection;
		};
/* End PBXContainerItemProxy section */

/* Begin PBXFileReference section */
		4752D7812B95F46300FE9C81 /* RickMortyCollection.app */ = {isa = PBXFileReference; explicitFileType = wrapper.application; includeInIndex = 0; path = RickMortyCollection.app; sourceTree = BUILT_PRODUCTS_DIR; };
		4752D7842B95F46300FE9C81 /* RickMortyCollectionApp.swift */ = {isa = PBXFileReference; lastKnownFileType = sourcecode.swift; path = RickMortyCollectionApp.swift; sourceTree = "<group>"; };
		4752D7862B95F46300FE9C81 /* ContentView.swift */ = {isa = PBXFileReference; lastKnownFileType = sourcecode.swift; path = ContentView.swift; sourceTree = "<group>"; };
		4752D7882B95F46300FE9C81 /* Item.swift */ = {isa = PBXFileReference; lastKnownFileType = sourcecode.swift; path = Item.swift; sourceTree = "<group>"; };
		4752D78A2B95F46500FE9C81 /* Assets.xcassets */ = {isa = PBXFileReference; lastKnownFileType = folder.assetcatalog; path = Assets.xcassets; sourceTree = "<group>"; };
		4752D78D2B95F46500FE9C81 /* Preview Assets.xcassets */ = {isa = PBXFileReference; lastKnownFileType = folder.assetcatalog; path = "Preview Assets.xcassets"; sourceTree = "<group>"; };
		4752D7932B95F46500FE9C81 /* RickMortyCollectionTests.xctest */ = {isa = PBXFileReference; explicitFileType = wrapper.cfbundle; includeInIndex = 0; path = RickMortyCollectionTests.xctest; sourceTree = BUILT_PRODUCTS_DIR; };
		4752D7972B95F46500FE9C81 /* RickMortyCollectionTests.swift */ = {isa = PBXFileReference; lastKnownFileType = sourcecode.swift; path = RickMortyCollectionTests.swift; sourceTree = "<group>"; };
		4752D79D2B95F46500FE9C81 /* RickMortyCollectionUITests.xctest */ = {isa = PBXFileReference; explicitFileType = wrapper.cfbundle; includeInIndex = 0; path = RickMortyCollectionUITests.xctest; sourceTree = BUILT_PRODUCTS_DIR; };
		4752D7A12B95F46500FE9C81 /* RickMortyCollectionUITests.swift */ = {isa = PBXFileReference; lastKnownFileType = sourcecode.swift; path = RickMortyCollectionUITests.swift; sourceTree = "<group>"; };
		4752D7A32B95F46500FE9C81 /* RickMortyCollectionUITestsLaunchTests.swift */ = {isa = PBXFileReference; lastKnownFileType = sourcecode.swift; path = RickMortyCollectionUITestsLaunchTests.swift; sourceTree = "<group>"; };
/* End PBXFileReference section */

/* Begin PBXFrameworksBuildPhase section */
		4752D77E2B95F46300FE9C81 /* Frameworks */ = {
			isa = PBXFrameworksBuildPhase;
			buildActionMask = 2147483647;
			files = (
			);
			runOnlyForDeploymentPostprocessing = 0;
		};
		4752D7902B95F46500FE9C81 /* Frameworks */ = {
			isa = PBXFrameworksBuildPhase;
			buildActionMask = 2147483647;
			files = (
			);
			runOnlyForDeploymentPostprocessing = 0;
		};
		4752D79A2B95F46500FE9C81 /* Frameworks */ = {
			isa = PBXFrameworksBuildPhase;
			buildActionMask = 2147483647;
			files = (
			);
			runOnlyForDeploymentPostprocessing = 0;
		};
/* End PBXFrameworksBuildPhase section */

/* Begin PBXGroup section */
		4752D7782B95F46300FE9C81 = {
			isa = PBXGroup;
			children = (
				4752D7832B95F46300FE9C81 /* RickMortyCollection */,
				4752D7962B95F46500FE9C81 /* RickMortyCollectionTests */,
				4752D7A02B95F46500FE9C81 /* RickMortyCollectionUITests */,
				4752D7822B95F46300FE9C81 /* Products */,
			);
			sourceTree = "<group>";
		};
		4752D7822B95F46300FE9C81 /* Products */ = {
			isa = PBXGroup;
			children = (
				4752D7812B95F46300FE9C81 /* RickMortyCollection.app */,
				4752D7932B95F46500FE9C81 /* RickMortyCollectionTests.xctest */,
				4752D79D2B95F46500FE9C81 /* RickMortyCollectionUITests.xctest */,
			);
			name = Products;
			sourceTree = "<group>";
		};
		4752D7832B95F46300FE9C81 /* RickMortyCollection */ = {
			isa = PBXGroup;
			children = (
				4752D7842B95F46300FE9C81 /* RickMortyCollectionApp.swift */,
				4752D7862B95F46300FE9C81 /* ContentView.swift */,
				4752D7882B95F46300FE9C81 /* Item.swift */,
				4752D78A2B95F46500FE9C81 /* Assets.xcassets */,
				4752D78C2B95F46500FE9C81 /* Preview Content */,
			);
			path = RickMortyCollection;
			sourceTree = "<group>";
		};
		4752D78C2B95F46500FE9C81 /* Preview Content */ = {
			isa = PBXGroup;
			children = (
				4752D78D2B95F46500FE9C81 /* Preview Assets.xcassets */,
			);
			path = "Preview Content";
			sourceTree = "<group>";
		};
		4752D7962B95F46500FE9C81 /* RickMortyCollectionTests */ = {
			isa = PBXGroup;
			children = (
				4752D7972B95F46500FE9C81 /* RickMortyCollectionTests.swift */,
			);
			path = RickMortyCollectionTests;
			sourceTree = "<group>";
		};
		4752D7A02B95F46500FE9C81 /* RickMortyCollectionUITests */ = {
			isa = PBXGroup;
			children = (
				4752D7A12B95F46500FE9C81 /* RickMortyCollectionUITests.swift */,
				4752D7A32B95F46500FE9C81 /* RickMortyCollectionUITestsLaunchTests.swift */,
			);
			path = RickMortyCollectionUITests;
			sourceTree = "<group>";
		};
/* End PBXGroup section */

/* Begin PBXNativeTarget section */
		4752D7802B95F46300FE9C81 /* RickMortyCollection */ = {
			isa = PBXNativeTarget;
			buildConfigurationList = 4752D7A72B95F46500FE9C81 /* Build configuration list for PBXNativeTarget "RickMortyCollection" */;
			buildPhases = (
				4752D77D2B95F46300FE9C81 /* Sources */,
				4752D77E2B95F46300FE9C81 /* Frameworks */,
				4752D77F2B95F46300FE9C81 /* Resources */,
			);
			buildRules = (
			);
			dependencies = (
			);
			name = RickMortyCollection;
			productName = RickMortyCollection;
			productReference = 4752D7812B95F46300FE9C81 /* RickMortyCollection.app */;
			productType = "com.apple.product-type.application";
		};
		4752D7922B95F46500FE9C81 /* RickMortyCollectionTests */ = {
			isa = PBXNativeTarget;
			buildConfigurationList = 4752D7AA2B95F46500FE9C81 /* Build configuration list for PBXNativeTarget "RickMortyCollectionTests" */;
			buildPhases = (
				4752D78F2B95F46500FE9C81 /* Sources */,
				4752D7902B95F46500FE9C81 /* Frameworks */,
				4752D7912B95F46500FE9C81 /* Resources */,
			);
			buildRules = (
			);
			dependencies = (
				4752D7952B95F46500FE9C81 /* PBXTargetDependency */,
			);
			name = RickMortyCollectionTests;
			productName = RickMortyCollectionTests;
			productReference = 4752D7932B95F46500FE9C81 /* RickMortyCollectionTests.xctest */;
			productType = "com.apple.product-type.bundle.unit-test";
		};
		4752D79C2B95F46500FE9C81 /* RickMortyCollectionUITests */ = {
			isa = PBXNativeTarget;
			buildConfigurationList = 4752D7AD2B95F46500FE9C81 /* Build configuration list for PBXNativeTarget "RickMortyCollectionUITests" */;
			buildPhases = (
				4752D7992B95F46500FE9C81 /* Sources */,
				4752D79A2B95F46500FE9C81 /* Frameworks */,
				4752D79B2B95F46500FE9C81 /* Resources */,
			);
			buildRules = (
			);
			dependencies = (
				4752D79F2B95F46500FE9C81 /* PBXTargetDependency */,
			);
			name = RickMortyCollectionUITests;
			productName = RickMortyCollectionUITests;
			productReference = 4752D79D2B95F46500FE9C81 /* RickMortyCollectionUITests.xctest */;
			productType = "com.apple.product-type.bundle.ui-testing";
		};
/* End PBXNativeTarget section */

/* Begin PBXProject section */
		4752D7792B95F46300FE9C81 /* Project object */ = {
			isa = PBXProject;
			attributes = {
				BuildIndependentTargetsInParallel = 1;
				LastSwiftUpdateCheck = 1500;
				LastUpgradeCheck = 1500;
				TargetAttributes = {
					4752D7802B95F46300FE9C81 = {
						CreatedOnToolsVersion = 15.0;
					};
					4752D7922B95F46500FE9C81 = {
						CreatedOnToolsVersion = 15.0;
						TestTargetID = 4752D7802B95F46300FE9C81;
					};
					4752D79C2B95F46500FE9C81 = {
						CreatedOnToolsVersion = 15.0;
						TestTargetID = 4752D7802B95F46300FE9C81;
					};
				};
			};
			buildConfigurationList = 4752D77C2B95F46300FE9C81 /* Build configuration list for PBXProject "RickMortyCollection" */;
			compatibilityVersion = "Xcode 14.0";
			developmentRegion = en;
			hasScannedForEncodings = 0;
			knownRegions = (
				en,
				Base,
			);
			mainGroup = 4752D7782B95F46300FE9C81;
			productRefGroup = 4752D7822B95F46300FE9C81 /* Products */;
			projectDirPath = "";
			projectRoot = "";
			targets = (
				4752D7802B95F46300FE9C81 /* RickMortyCollection */,
				4752D7922B95F46500FE9C81 /* RickMortyCollectionTests */,
				4752D79C2B95F46500FE9C81 /* RickMortyCollectionUITests */,
			);
		};
/* End PBXProject section */

/* Begin PBXResourcesBuildPhase section */
		4752D77F2B95F46300FE9C81 /* Resources */ = {
			isa = PBXResourcesBuildPhase;
			buildActionMask = 2147483647;
			files = (
				4752D78E2B95F46500FE9C81 /* Preview Assets.xcassets in Resources */,
				4752D78B2B95F46500FE9C81 /* Assets.xcassets in Resources */,
			);
			runOnlyForDeploymentPostprocessing = 0;
		};
		4752D7912B95F46500FE9C81 /* Resources */ = {
			isa = PBXResourcesBuildPhase;
			buildActionMask = 2147483647;
			files = (
			);
			runOnlyForDeploymentPostprocessing = 0;
		};
		4752D79B2B95F46500FE9C81 /* Resources */ = {
			isa = PBXResourcesBuildPhase;
			buildActionMask = 2147483647;
			files = (
			);
			runOnlyForDeploymentPostprocessing = 0;
		};
/* End PBXResourcesBuildPhase section */

/* Begin PBXSourcesBuildPhase section */
		4752D77D2B95F46300FE9C81 /* Sources */ = {
			isa = PBXSourcesBuildPhase;
			buildActionMask = 2147483647;
			files = (
				4752D7872B95F46300FE9C81 /* ContentView.swift in Sources */,
				4752D7892B95F46300FE9C81 /* Item.swift in Sources */,
				4752D7852B95F46300FE9C81 /* RickMortyCollectionApp.swift in Sources */,
			);
			runOnlyForDeploymentPostprocessing = 0;
		};
		4752D78F2B95F46500FE9C81 /* Sources */ = {
			isa = PBXSourcesBuildPhase;
			buildActionMask = 2147483647;
			files = (
				4752D7982B95F46500FE9C81 /* RickMortyCollectionTests.swift in Sources */,
			);
			runOnlyForDeploymentPostprocessing = 0;
		};
		4752D7992B95F46500FE9C81 /* Sources */ = {
			isa = PBXSourcesBuildPhase;
			buildActionMask = 2147483647;
			files = (
				4752D7A22B95F46500FE9C81 /* RickMortyCollectionUITests.swift in Sources */,
				4752D7A42B95F46500FE9C81 /* RickMortyCollectionUITestsLaunchTests.swift in Sources */,
			);
			runOnlyForDeploymentPostprocessing = 0;
		};
/* End PBXSourcesBuildPhase section */

/* Begin PBXTargetDependency section */
		4752D7952B95F46500FE9C81 /* PBXTargetDependency */ = {
			isa = PBXTargetDependency;
			target = 4752D7802B95F46300FE9C81 /* RickMortyCollection */;
			targetProxy = 4752D7942B95F46500FE9C81 /* PBXContainerItemProxy */;
		};
		4752D79F2B95F46500FE9C81 /* PBXTargetDependency */ = {
			isa = PBXTargetDependency;
			target = 4752D7802B95F46300FE9C81 /* RickMortyCollection */;
			targetProxy = 4752D79E2B95F46500FE9C81 /* PBXContainerItemProxy */;
		};
/* End PBXTargetDependency section */

/* Begin XCBuildConfiguration section */
		4752D7A52B95F46500FE9C81 /* Debug */ = {
			isa = XCBuildConfiguration;
			buildSettings = {
				ALWAYS_SEARCH_USER_PATHS = NO;
				ASSETCATALOG_COMPILER_GENERATE_SWIFT_ASSET_SYMBOL_EXTENSIONS = YES;
				CLANG_ANALYZER_NONNULL = YES;
				CLANG_ANALYZER_NUMBER_OBJECT_CONVERSION = YES_AGGRESSIVE;
				CLANG_CXX_LANGUAGE_STANDARD = "gnu++20";
				CLANG_ENABLE_MODULES = YES;
				CLANG_ENABLE_OBJC_ARC = YES;
				CLANG_ENABLE_OBJC_WEAK = YES;
				CLANG_WARN_BLOCK_CAPTURE_AUTORELEASING = YES;
				CLANG_WARN_BOOL_CONVERSION = YES;
				CLANG_WARN_COMMA = YES;
				CLANG_WARN_CONSTANT_CONVERSION = YES;
				CLANG_WARN_DEPRECATED_OBJC_IMPLEMENTATIONS = YES;
				CLANG_WARN_DIRECT_OBJC_ISA_USAGE = YES_ERROR;
				CLANG_WARN_DOCUMENTATION_COMMENTS = YES;
				CLANG_WARN_EMPTY_BODY = YES;
				CLANG_WARN_ENUM_CONVERSION = YES;
				CLANG_WARN_INFINITE_RECURSION = YES;
				CLANG_WARN_INT_CONVERSION = YES;
				CLANG_WARN_NON_LITERAL_NULL_CONVERSION = YES;
				CLANG_WARN_OBJC_IMPLICIT_RETAIN_SELF = YES;
				CLANG_WARN_OBJC_LITERAL_CONVERSION = YES;
				CLANG_WARN_OBJC_ROOT_CLASS = YES_ERROR;
				CLANG_WARN_QUOTED_INCLUDE_IN_FRAMEWORK_HEADER = YES;
				CLANG_WARN_RANGE_LOOP_ANALYSIS = YES;
				CLANG_WARN_STRICT_PROTOTYPES = YES;
				CLANG_WARN_SUSPICIOUS_MOVE = YES;
				CLANG_WARN_UNGUARDED_AVAILABILITY = YES_AGGRESSIVE;
				CLANG_WARN_UNREACHABLE_CODE = YES;
				CLANG_WARN__DUPLICATE_METHOD_MATCH = YES;
				COPY_PHASE_STRIP = NO;
				DEBUG_INFORMATION_FORMAT = dwarf;
				ENABLE_STRICT_OBJC_MSGSEND = YES;
				ENABLE_TESTABILITY = YES;
				ENABLE_USER_SCRIPT_SANDBOXING = YES;
				GCC_C_LANGUAGE_STANDARD = gnu17;
				GCC_DYNAMIC_NO_PIC = NO;
				GCC_NO_COMMON_BLOCKS = YES;
				GCC_OPTIMIZATION_LEVEL = 0;
				GCC_PREPROCESSOR_DEFINITIONS = (
					"DEBUG=1",
					"$(inherited)",
				);
				GCC_WARN_64_TO_32_BIT_CONVERSION = YES;
				GCC_WARN_ABOUT_RETURN_TYPE = YES_ERROR;
				GCC_WARN_UNDECLARED_SELECTOR = YES;
				GCC_WARN_UNINITIALIZED_AUTOS = YES_AGGRESSIVE;
				GCC_WARN_UNUSED_FUNCTION = YES;
				GCC_WARN_UNUSED_VARIABLE = YES;
				IPHONEOS_DEPLOYMENT_TARGET = 17.0;
				LOCALIZATION_PREFERS_STRING_CATALOGS = YES;
				MTL_ENABLE_DEBUG_INFO = INCLUDE_SOURCE;
				MTL_FAST_MATH = YES;
				ONLY_ACTIVE_ARCH = YES;
				SDKROOT = iphoneos;
				SWIFT_ACTIVE_COMPILATION_CONDITIONS = "DEBUG $(inherited)";
				SWIFT_OPTIMIZATION_LEVEL = "-Onone";
			};
			name = Debug;
		};
		4752D7A62B95F46500FE9C81 /* Release */ = {
			isa = XCBuildConfiguration;
			buildSettings = {
				ALWAYS_SEARCH_USER_PATHS = NO;
				ASSETCATALOG_COMPILER_GENERATE_SWIFT_ASSET_SYMBOL_EXTENSIONS = YES;
				CLANG_ANALYZER_NONNULL = YES;
				CLANG_ANALYZER_NUMBER_OBJECT_CONVERSION = YES_AGGRESSIVE;
				CLANG_CXX_LANGUAGE_STANDARD = "gnu++20";
				CLANG_ENABLE_MODULES = YES;
				CLANG_ENABLE_OBJC_ARC = YES;
				CLANG_ENABLE_OBJC_WEAK = YES;
				CLANG_WARN_BLOCK_CAPTURE_AUTORELEASING = YES;
				CLANG_WARN_BOOL_CONVERSION = YES;
				CLANG_WARN_COMMA = YES;
				CLANG_WARN_CONSTANT_CONVERSION = YES;
				CLANG_WARN_DEPRECATED_OBJC_IMPLEMENTATIONS = YES;
				CLANG_WARN_DIRECT_OBJC_ISA_USAGE = YES_ERROR;
				CLANG_WARN_DOCUMENTATION_COMMENTS = YES;
				CLANG_WARN_EMPTY_BODY = YES;
				CLANG_WARN_ENUM_CONVERSION = YES;
				CLANG_WARN_INFINITE_RECURSION = YES;
				CLANG_WARN_INT_CONVERSION = YES;
				CLANG_WARN_NON_LITERAL_NULL_CONVERSION = YES;
				CLANG_WARN_OBJC_IMPLICIT_RETAIN_SELF = YES;
				CLANG_WARN_OBJC_LITERAL_CONVERSION = YES;
				CLANG_WARN_OBJC_ROOT_CLASS = YES_ERROR;
				CLANG_WARN_QUOTED_INCLUDE_IN_FRAMEWORK_HEADER = YES;
				CLANG_WARN_RANGE_LOOP_ANALYSIS = YES;
				CLANG_WARN_STRICT_PROTOTYPES = YES;
				CLANG_WARN_SUSPICIOUS_MOVE = YES;
				CLANG_WARN_UNGUARDED_AVAILABILITY = YES_AGGRESSIVE;
				CLANG_WARN_UNREACHABLE_CODE = YES;
				CLANG_WARN__DUPLICATE_METHOD_MATCH = YES;
				COPY_PHASE_STRIP = NO;
				DEBUG_INFORMATION_FORMAT = "dwarf-with-dsym";
				ENABLE_NS_ASSERTIONS = NO;
				ENABLE_STRICT_OBJC_MSGSEND = YES;
				ENABLE_USER_SCRIPT_SANDBOXING = YES;
				GCC_C_LANGUAGE_STANDARD = gnu17;
				GCC_NO_COMMON_BLOCKS = YES;
				GCC_WARN_64_TO_32_BIT_CONVERSION = YES;
				GCC_WARN_ABOUT_RETURN_TYPE = YES_ERROR;
				GCC_WARN_UNDECLARED_SELECTOR = YES;
				GCC_WARN_UNINITIALIZED_AUTOS = YES_AGGRESSIVE;
				GCC_WARN_UNUSED_FUNCTION = YES;
				GCC_WARN_UNUSED_VARIABLE = YES;
				IPHONEOS_DEPLOYMENT_TARGET = 17.0;
				LOCALIZATION_PREFERS_STRING_CATALOGS = YES;
				MTL_ENABLE_DEBUG_INFO = NO;
				MTL_FAST_MATH = YES;
				SDKROOT = iphoneos;
				SWIFT_COMPILATION_MODE = wholemodule;
				VALIDATE_PRODUCT = YES;
			};
			name = Release;
		};
		4752D7A82B95F46500FE9C81 /* Debug */ = {
			isa = XCBuildConfiguration;
			buildSettings = {
				ASSETCATALOG_COMPILER_APPICON_NAME = AppIcon;
				ASSETCATALOG_COMPILER_GLOBAL_ACCENT_COLOR_NAME = AccentColor;
				CODE_SIGN_STYLE = Automatic;
				CURRENT_PROJECT_VERSION = 1;
				DEVELOPMENT_ASSET_PATHS = "\"RickMortyCollection/Preview Content\"";
				DEVELOPMENT_TEAM = 6KT5Q53YV7;
				ENABLE_PREVIEWS = YES;
				GENERATE_INFOPLIST_FILE = YES;
				INFOPLIST_KEY_UIApplicationSceneManifest_Generation = YES;
				INFOPLIST_KEY_UIApplicationSupportsIndirectInputEvents = YES;
				INFOPLIST_KEY_UILaunchScreen_Generation = YES;
				INFOPLIST_KEY_UISupportedInterfaceOrientations_iPad = "UIInterfaceOrientationPortrait UIInterfaceOrientationPortraitUpsideDown UIInterfaceOrientationLandscapeLeft UIInterfaceOrientationLandscapeRight";
				INFOPLIST_KEY_UISupportedInterfaceOrientations_iPhone = "UIInterfaceOrientationPortrait UIInterfaceOrientationLandscapeLeft UIInterfaceOrientationLandscapeRight";
				LD_RUNPATH_SEARCH_PATHS = (
					"$(inherited)",
					"@executable_path/Frameworks",
				);
				MARKETING_VERSION = 1.0;
				PRODUCT_BUNDLE_IDENTIFIER = com.germanhernandez.RickMortyCollection;
				PRODUCT_NAME = "$(TARGET_NAME)";
				SWIFT_EMIT_LOC_STRINGS = YES;
				SWIFT_VERSION = 5.0;
				TARGETED_DEVICE_FAMILY = "1,2";
			};
			name = Debug;
		};
		4752D7A92B95F46500FE9C81 /* Release */ = {
			isa = XCBuildConfiguration;
			buildSettings = {
				ASSETCATALOG_COMPILER_APPICON_NAME = AppIcon;
				ASSETCATALOG_COMPILER_GLOBAL_ACCENT_COLOR_NAME = AccentColor;
				CODE_SIGN_STYLE = Automatic;
				CURRENT_PROJECT_VERSION = 1;
				DEVELOPMENT_ASSET_PATHS = "\"RickMortyCollection/Preview Content\"";
				DEVELOPMENT_TEAM = 6KT5Q53YV7;
				ENABLE_PREVIEWS = YES;
				GENERATE_INFOPLIST_FILE = YES;
				INFOPLIST_KEY_UIApplicationSceneManifest_Generation = YES;
				INFOPLIST_KEY_UIApplicationSupportsIndirectInputEvents = YES;
				INFOPLIST_KEY_UILaunchScreen_Generation = YES;
				INFOPLIST_KEY_UISupportedInterfaceOrientations_iPad = "UIInterfaceOrientationPortrait UIInterfaceOrientationPortraitUpsideDown UIInterfaceOrientationLandscapeLeft UIInterfaceOrientationLandscapeRight";
				INFOPLIST_KEY_UISupportedInterfaceOrientations_iPhone = "UIInterfaceOrientationPortrait UIInterfaceOrientationLandscapeLeft UIInterfaceOrientationLandscapeRight";
				LD_RUNPATH_SEARCH_PATHS = (
					"$(inherited)",
					"@executable_path/Frameworks",
				);
				MARKETING_VERSION = 1.0;
				PRODUCT_BUNDLE_IDENTIFIER = com.germanhernandez.RickMortyCollection;
				PRODUCT_NAME = "$(TARGET_NAME)";
				SWIFT_EMIT_LOC_STRINGS = YES;
				SWIFT_VERSION = 5.0;
				TARGETED_DEVICE_FAMILY = "1,2";
			};
			name = Release;
		};
		4752D7AB2B95F46500FE9C81 /* Debug */ = {
			isa = XCBuildConfiguration;
			buildSettings = {
				ALWAYS_EMBED_SWIFT_STANDARD_LIBRARIES = YES;
				BUNDLE_LOADER = "$(TEST_HOST)";
				CODE_SIGN_STYLE = Automatic;
				CURRENT_PROJECT_VERSION = 1;
				DEVELOPMENT_TEAM = 6KT5Q53YV7;
				GENERATE_INFOPLIST_FILE = YES;
				IPHONEOS_DEPLOYMENT_TARGET = 17.0;
				MARKETING_VERSION = 1.0;
				PRODUCT_BUNDLE_IDENTIFIER = com.germanhernandez.RickMortyCollectionTests;
				PRODUCT_NAME = "$(TARGET_NAME)";
				SWIFT_EMIT_LOC_STRINGS = NO;
				SWIFT_VERSION = 5.0;
				TARGETED_DEVICE_FAMILY = "1,2";
				TEST_HOST = "$(BUILT_PRODUCTS_DIR)/RickMortyCollection.app/$(BUNDLE_EXECUTABLE_FOLDER_PATH)/RickMortyCollection";
			};
			name = Debug;
		};
		4752D7AC2B95F46500FE9C81 /* Release */ = {
			isa = XCBuildConfiguration;
			buildSettings = {
				ALWAYS_EMBED_SWIFT_STANDARD_LIBRARIES = YES;
				BUNDLE_LOADER = "$(TEST_HOST)";
				CODE_SIGN_STYLE = Automatic;
				CURRENT_PROJECT_VERSION = 1;
				DEVELOPMENT_TEAM = 6KT5Q53YV7;
				GENERATE_INFOPLIST_FILE = YES;
				IPHONEOS_DEPLOYMENT_TARGET = 17.0;
				MARKETING_VERSION = 1.0;
				PRODUCT_BUNDLE_IDENTIFIER = com.germanhernandez.RickMortyCollectionTests;
				PRODUCT_NAME = "$(TARGET_NAME)";
				SWIFT_EMIT_LOC_STRINGS = NO;
				SWIFT_VERSION = 5.0;
				TARGETED_DEVICE_FAMILY = "1,2";
				TEST_HOST = "$(BUILT_PRODUCTS_DIR)/RickMortyCollection.app/$(BUNDLE_EXECUTABLE_FOLDER_PATH)/RickMortyCollection";
			};
			name = Release;
		};
		4752D7AE2B95F46500FE9C81 /* Debug */ = {
			isa = XCBuildConfiguration;
			buildSettings = {
				ALWAYS_EMBED_SWIFT_STANDARD_LIBRARIES = YES;
				CODE_SIGN_STYLE = Automatic;
				CURRENT_PROJECT_VERSION = 1;
				DEVELOPMENT_TEAM = 6KT5Q53YV7;
				GENERATE_INFOPLIST_FILE = YES;
				MARKETING_VERSION = 1.0;
				PRODUCT_BUNDLE_IDENTIFIER = com.germanhernandez.RickMortyCollectionUITests;
				PRODUCT_NAME = "$(TARGET_NAME)";
				SWIFT_EMIT_LOC_STRINGS = NO;
				SWIFT_VERSION = 5.0;
				TARGETED_DEVICE_FAMILY = "1,2";
				TEST_TARGET_NAME = RickMortyCollection;
			};
			name = Debug;
		};
		4752D7AF2B95F46500FE9C81 /* Release */ = {
			isa = XCBuildConfiguration;
			buildSettings = {
				ALWAYS_EMBED_SWIFT_STANDARD_LIBRARIES = YES;
				CODE_SIGN_STYLE = Automatic;
				CURRENT_PROJECT_VERSION = 1;
				DEVELOPMENT_TEAM = 6KT5Q53YV7;
				GENERATE_INFOPLIST_FILE = YES;
				MARKETING_VERSION = 1.0;
				PRODUCT_BUNDLE_IDENTIFIER = com.germanhernandez.RickMortyCollectionUITests;
				PRODUCT_NAME = "$(TARGET_NAME)";
				SWIFT_EMIT_LOC_STRINGS = NO;
				SWIFT_VERSION = 5.0;
				TARGETED_DEVICE_FAMILY = "1,2";
				TEST_TARGET_NAME = RickMortyCollection;
			};
			name = Release;
		};
/* End XCBuildConfiguration section */

/* Begin XCConfigurationList section */
		4752D77C2B95F46300FE9C81 /* Build configuration list for PBXProject "RickMortyCollection" */ = {
			isa = XCConfigurationList;
			buildConfigurations = (
				4752D7A52B95F46500FE9C81 /* Debug */,
				4752D7A62B95F46500FE9C81 /* Release */,
			);
			defaultConfigurationIsVisible = 0;
			defaultConfigurationName = Release;
		};
		4752D7A72B95F46500FE9C81 /* Build configuration list for PBXNativeTarget "RickMortyCollection" */ = {
			isa = XCConfigurationList;
			buildConfigurations = (
				4752D7A82B95F46500FE9C81 /* Debug */,
				4752D7A92B95F46500FE9C81 /* Release */,
			);
			defaultConfigurationIsVisible = 0;
			defaultConfigurationName = Release;
		};
		4752D7AA2B95F46500FE9C81 /* Build configuration list for PBXNativeTarget "RickMortyCollectionTests" */ = {
			isa = XCConfigurationList;
			buildConfigurations = (
				4752D7AB2B95F46500FE9C81 /* Debug */,
				4752D7AC2B95F46500FE9C81 /* Release */,
			);
			defaultConfigurationIsVisible = 0;
			defaultConfigurationName = Release;
		};
		4752D7AD2B95F46500FE9C81 /* Build configuration list for PBXNativeTarget "RickMortyCollectionUITests" */ = {
			isa = XCConfigurationList;
			buildConfigurations = (
				4752D7AE2B95F46500FE9C81 /* Debug */,
				4752D7AF2B95F46500FE9C81 /* Release */,
			);
			defaultConfigurationIsVisible = 0;
			defaultConfigurationName = Release;
		};
/* End XCConfigurationList section */
	};
	rootObject = 4752D7792B95F46300FE9C81 /* Project object */;
}
